
Microsoft Visual Studio Solution File, Format Version 12.00
Project("{FAE04EC0-301F-11D3-BF4B-00C04F79EFBC}") = "TRSPO-HW3", "TRSPO-HW3\TRSPO-HW3.csproj", "{67771F33-A9FF-4765-B95B-D627874A9835}"
EndProject
Global
	GlobalSection(SolutionConfigurationPlatforms) = preSolution
		Debug|Any CPU = Debug|Any CPU
		Release|Any CPU = Release|Any CPU
	EndGlobalSection
	GlobalSection(ProjectConfigurationPlatforms) = postSolution
		{67771F33-A9FF-4765-B95B-D627874A9835}.Debug|Any CPU.ActiveCfg = Debug|Any CPU
		{67771F33-A9FF-4765-B95B-D627874A9835}.Debug|Any CPU.Build.0 = Debug|Any CPU
		{67771F33-A9FF-4765-B95B-D627874A9835}.Release|Any CPU.ActiveCfg = Release|Any CPU
		{67771F33-A9FF-4765-B95B-D627874A9835}.Release|Any CPU.Build.0 = Release|Any CPU
	EndGlobalSection
EndGlobal
